// !$*UTF8*$!
{
	archiveVersion = 1;
	classes = {
	};
	objectVersion = 77;
	objects = {

/* Begin PBXBuildFile section */
		25055FA42E96239E00F3FDD4 /* SimulatedLocations.gpx in Resources */ = {isa = PBXBuildFile; fileRef = 25055FA32E96239E00F3FDD4 /* SimulatedLocations.gpx */; };
		2556918D2E96D57500BE0F0E /* SimulatedLocationsWrong.gpx in Resources */ = {isa = PBXBuildFile; fileRef = 2556917C2E96D57500BE0F0E /* SimulatedLocationsWrong.gpx */; };
		25887F382EA68D02001259EB /* WidgetKit.framework in Frameworks */ = {isa = PBXBuildFile; fileRef = 25887F372EA68D02001259EB /* WidgetKit.framework */; };
		25887F3A2EA68D02001259EB /* SwiftUI.framework in Frameworks */ = {isa = PBXBuildFile; fileRef = 25887F392EA68D02001259EB /* SwiftUI.framework */; };
		25887F472EA68D03001259EB /* BadgelyWidgetExtension.appex in Embed Foundation Extensions */ = {isa = PBXBuildFile; fileRef = 25887F352EA68D02001259EB /* BadgelyWidgetExtension.appex */; settings = {ATTRIBUTES = (RemoveHeadersOnCopy, ); }; };
/* End PBXBuildFile section */

/* Begin PBXContainerItemProxy section */
		25887F452EA68D03001259EB /* PBXContainerItemProxy */ = {
			isa = PBXContainerItemProxy;
			containerPortal = 25D042832E93F5C600E4E29F /* Project object */;
			proxyType = 1;
			remoteGlobalIDString = 25887F342EA68D02001259EB;
			remoteInfo = BadgelyWidgetExtension;
		};
/* End PBXContainerItemProxy section */

/* Begin PBXCopyFilesBuildPhase section */
		25887F4C2EA68D03001259EB /* Embed Foundation Extensions */ = {
			isa = PBXCopyFilesBuildPhase;
			buildActionMask = 2147483647;
			dstPath = "";
			dstSubfolderSpec = 13;
			files = (
				25887F472EA68D03001259EB /* BadgelyWidgetExtension.appex in Embed Foundation Extensions */,
			);
			name = "Embed Foundation Extensions";
			runOnlyForDeploymentPostprocessing = 0;
		};
		25D042B52E94006F00E4E29F /* Embed Watch Content */ = {
			isa = PBXCopyFilesBuildPhase;
			buildActionMask = 2147483647;
			dstPath = "$(CONTENTS_FOLDER_PATH)/Watch";
			dstSubfolderSpec = 16;
			files = (
			);
			name = "Embed Watch Content";
			runOnlyForDeploymentPostprocessing = 0;
		};
/* End PBXCopyFilesBuildPhase section */

/* Begin PBXFileReference section */
		25055FA32E96239E00F3FDD4 /* SimulatedLocations.gpx */ = {isa = PBXFileReference; lastKnownFileType = text.xml; path = SimulatedLocations.gpx; sourceTree = "<group>"; };
		2556917C2E96D57500BE0F0E /* SimulatedLocationsWrong.gpx */ = {isa = PBXFileReference; lastKnownFileType = text.xml; path = SimulatedLocationsWrong.gpx; sourceTree = "<group>"; };
		25887F352EA68D02001259EB /* BadgelyWidgetExtension.appex */ = {isa = PBXFileReference; explicitFileType = "wrapper.app-extension"; includeInIndex = 0; path = BadgelyWidgetExtension.appex; sourceTree = BUILT_PRODUCTS_DIR; };
		25887F372EA68D02001259EB /* WidgetKit.framework */ = {isa = PBXFileReference; lastKnownFileType = wrapper.framework; name = WidgetKit.framework; path = System/Library/Frameworks/WidgetKit.framework; sourceTree = SDKROOT; };
		25887F392EA68D02001259EB /* SwiftUI.framework */ = {isa = PBXFileReference; lastKnownFileType = wrapper.framework; name = SwiftUI.framework; path = System/Library/Frameworks/SwiftUI.framework; sourceTree = SDKROOT; };
		25D0428B2E93F5C600E4E29F /* Badgely.app */ = {isa = PBXFileReference; explicitFileType = wrapper.application; includeInIndex = 0; path = Badgely.app; sourceTree = BUILT_PRODUCTS_DIR; };
/* End PBXFileReference section */

/* Begin PBXFileSystemSynchronizedBuildFileExceptionSet section */
		25055FA62E9624D300F3FDD4 /* Exceptions for "Badgely" folder in "Badgely" target */ = {
			isa = PBXFileSystemSynchronizedBuildFileExceptionSet;
			membershipExceptions = (
				Info.plist,
			);
			target = 25D0428A2E93F5C600E4E29F /* Badgely */;
		};
		25887F4B2EA68D03001259EB /* Exceptions for "BadgelyWidget" folder in "BadgelyWidgetExtension" target */ = {
			isa = PBXFileSystemSynchronizedBuildFileExceptionSet;
			membershipExceptions = (
				Info.plist,
			);
			target = 25887F342EA68D02001259EB /* BadgelyWidgetExtension */;
		};
/* End PBXFileSystemSynchronizedBuildFileExceptionSet section */

/* Begin PBXFileSystemSynchronizedRootGroup section */
		25887F3B2EA68D02001259EB /* BadgelyWidget */ = {
			isa = PBXFileSystemSynchronizedRootGroup;
			exceptions = (
				25887F4B2EA68D03001259EB /* Exceptions for "BadgelyWidget" folder in "BadgelyWidgetExtension" target */,
			);
			path = BadgelyWidget;
			sourceTree = "<group>";
		};
		25D0428D2E93F5C600E4E29F /* Badgely */ = {
			isa = PBXFileSystemSynchronizedRootGroup;
			exceptions = (
				25055FA62E9624D300F3FDD4 /* Exceptions for "Badgely" folder in "Badgely" target */,
			);
			path = Badgely;
			sourceTree = "<group>";
		};
/* End PBXFileSystemSynchronizedRootGroup section */

/* Begin PBXFrameworksBuildPhase section */
		25887F322EA68D02001259EB /* Frameworks */ = {
			isa = PBXFrameworksBuildPhase;
			buildActionMask = 2147483647;
			files = (
				25887F3A2EA68D02001259EB /* SwiftUI.framework in Frameworks */,
				25887F382EA68D02001259EB /* WidgetKit.framework in Frameworks */,
			);
			runOnlyForDeploymentPostprocessing = 0;
		};
		25D042882E93F5C600E4E29F /* Frameworks */ = {
			isa = PBXFrameworksBuildPhase;
			buildActionMask = 2147483647;
			files = (
			);
			runOnlyForDeploymentPostprocessing = 0;
		};
/* End PBXFrameworksBuildPhase section */

/* Begin PBXGroup section */
		25887F362EA68D02001259EB /* Frameworks */ = {
			isa = PBXGroup;
			children = (
				25887F372EA68D02001259EB /* WidgetKit.framework */,
				25887F392EA68D02001259EB /* SwiftUI.framework */,
			);
			name = Frameworks;
			sourceTree = "<group>";
		};
		25D042822E93F5C600E4E29F = {
			isa = PBXGroup;
			children = (
				25055FA32E96239E00F3FDD4 /* SimulatedLocations.gpx */,
				2556917C2E96D57500BE0F0E /* SimulatedLocationsWrong.gpx */,
				25D0428D2E93F5C600E4E29F /* Badgely */,
				25887F3B2EA68D02001259EB /* BadgelyWidget */,
				25887F362EA68D02001259EB /* Frameworks */,
				25D0428C2E93F5C600E4E29F /* Products */,
			);
			sourceTree = "<group>";
		};
		25D0428C2E93F5C600E4E29F /* Products */ = {
			isa = PBXGroup;
			children = (
				25D0428B2E93F5C600E4E29F /* Badgely.app */,
				25887F352EA68D02001259EB /* BadgelyWidgetExtension.appex */,
			);
			name = Products;
			sourceTree = "<group>";
		};
/* End PBXGroup section */

/* Begin PBXNativeTarget section */
		25887F342EA68D02001259EB /* BadgelyWidgetExtension */ = {
			isa = PBXNativeTarget;
			buildConfigurationList = 25887F482EA68D03001259EB /* Build configuration list for PBXNativeTarget "BadgelyWidgetExtension" */;
			buildPhases = (
				25887F312EA68D02001259EB /* Sources */,
				25887F322EA68D02001259EB /* Frameworks */,
				25887F332EA68D02001259EB /* Resources */,
			);
			buildRules = (
			);
			dependencies = (
			);
			fileSystemSynchronizedGroups = (
				25887F3B2EA68D02001259EB /* BadgelyWidget */,
			);
			name = BadgelyWidgetExtension;
			packageProductDependencies = (
			);
			productName = BadgelyWidgetExtension;
			productReference = 25887F352EA68D02001259EB /* BadgelyWidgetExtension.appex */;
			productType = "com.apple.product-type.app-extension";
		};
		25D0428A2E93F5C600E4E29F /* Badgely */ = {
			isa = PBXNativeTarget;
			buildConfigurationList = 25D042992E93F5C700E4E29F /* Build configuration list for PBXNativeTarget "Badgely" */;
			buildPhases = (
				25D042872E93F5C600E4E29F /* Sources */,
				25D042882E93F5C600E4E29F /* Frameworks */,
				25D042892E93F5C600E4E29F /* Resources */,
				25D042B52E94006F00E4E29F /* Embed Watch Content */,
				25887F4C2EA68D03001259EB /* Embed Foundation Extensions */,
			);
			buildRules = (
			);
			dependencies = (
				25887F462EA68D03001259EB /* PBXTargetDependency */,
			);
			fileSystemSynchronizedGroups = (
				25D0428D2E93F5C600E4E29F /* Badgely */,
			);
			name = Badgely;
			packageProductDependencies = (
			);
			productName = Badgely;
			productReference = 25D0428B2E93F5C600E4E29F /* Badgely.app */;
			productType = "com.apple.product-type.application";
		};
/* End PBXNativeTarget section */

/* Begin PBXProject section */
		25D042832E93F5C600E4E29F /* Project object */ = {
			isa = PBXProject;
			attributes = {
				BuildIndependentTargetsInParallel = 1;
				LastSwiftUpdateCheck = 2600;
				LastUpgradeCheck = 2600;
				TargetAttributes = {
					25887F342EA68D02001259EB = {
						CreatedOnToolsVersion = 26.0.1;
					};
					25D0428A2E93F5C600E4E29F = {
						CreatedOnToolsVersion = 16.0;
					};
				};
			};
			buildConfigurationList = 25D042862E93F5C600E4E29F /* Build configuration list for PBXProject "Badgely" */;
			developmentRegion = "es-419";
			hasScannedForEncodings = 0;
			knownRegions = (
				en,
				Base,
				"es-419",
			);
			mainGroup = 25D042822E93F5C600E4E29F;
			minimizedProjectReferenceProxies = 1;
			preferredProjectObjectVersion = 77;
			productRefGroup = 25D0428C2E93F5C600E4E29F /* Products */;
			projectDirPath = "";
			projectRoot = "";
			targets = (
				25D0428A2E93F5C600E4E29F /* Badgely */,
				25887F342EA68D02001259EB /* BadgelyWidgetExtension */,
			);
		};
/* End PBXProject section */

/* Begin PBXResourcesBuildPhase section */
		25887F332EA68D02001259EB /* Resources */ = {
			isa = PBXResourcesBuildPhase;
			buildActionMask = 2147483647;
			files = (
			);
			runOnlyForDeploymentPostprocessing = 0;
		};
		25D042892E93F5C600E4E29F /* Resources */ = {
			isa = PBXResourcesBuildPhase;
			buildActionMask = 2147483647;
			files = (
				25055FA42E96239E00F3FDD4 /* SimulatedLocations.gpx in Resources */,
				2556918D2E96D57500BE0F0E /* SimulatedLocationsWrong.gpx in Resources */,
			);
			runOnlyForDeploymentPostprocessing = 0;
		};
/* End PBXResourcesBuildPhase section */

/* Begin PBXSourcesBuildPhase section */
		25887F312EA68D02001259EB /* Sources */ = {
			isa = PBXSourcesBuildPhase;
			buildActionMask = 2147483647;
			files = (
			);
			runOnlyForDeploymentPostprocessing = 0;
		};
		25D042872E93F5C600E4E29F /* Sources */ = {
			isa = PBXSourcesBuildPhase;
			buildActionMask = 2147483647;
			files = (
			);
			runOnlyForDeploymentPostprocessing = 0;
		};
/* End PBXSourcesBuildPhase section */

/* Begin PBXTargetDependency section */
		25887F462EA68D03001259EB /* PBXTargetDependency */ = {
			isa = PBXTargetDependency;
			target = 25887F342EA68D02001259EB /* BadgelyWidgetExtension */;
			targetProxy = 25887F452EA68D03001259EB /* PBXContainerItemProxy */;
		};
/* End PBXTargetDependency section */

/* Begin XCBuildConfiguration section */
		25887F492EA68D03001259EB /* Debug */ = {
			isa = XCBuildConfiguration;
			buildSettings = {
				ASSETCATALOG_COMPILER_GLOBAL_ACCENT_COLOR_NAME = AccentColor;
				ASSETCATALOG_COMPILER_WIDGET_BACKGROUND_COLOR_NAME = WidgetBackground;
				CODE_SIGN_STYLE = Automatic;
				CURRENT_PROJECT_VERSION = 1;
				DEVELOPMENT_TEAM = 6299S224BY;
				GENERATE_INFOPLIST_FILE = YES;
				INFOPLIST_FILE = BadgelyWidget/Info.plist;
				INFOPLIST_KEY_CFBundleDisplayName = BadgelyWidget;
				INFOPLIST_KEY_NSHumanReadableCopyright = "";
				IPHONEOS_DEPLOYMENT_TARGET = 26.0;
				LD_RUNPATH_SEARCH_PATHS = (
					"$(inherited)",
					"@executable_path/Frameworks",
					"@executable_path/../../Frameworks",
				);
				MARKETING_VERSION = 1.0;
				PRODUCT_BUNDLE_IDENTIFIER = com.caroworks.Badgely.BadgelyWidget;
				PRODUCT_NAME = "$(TARGET_NAME)";
				SKIP_INSTALL = YES;
				STRING_CATALOG_GENERATE_SYMBOLS = YES;
				SWIFT_APPROACHABLE_CONCURRENCY = YES;
				SWIFT_EMIT_LOC_STRINGS = YES;
				SWIFT_UPCOMING_FEATURE_MEMBER_IMPORT_VISIBILITY = YES;
				SWIFT_VERSION = 5.0;
				TARGETED_DEVICE_FAMILY = "1,2";
			};
			name = Debug;
		};
		25887F4A2EA68D03001259EB /* Release */ = {
			isa = XCBuildConfiguration;
			buildSettings = {
				ASSETCATALOG_COMPILER_GLOBAL_ACCENT_COLOR_NAME = AccentColor;
				ASSETCATALOG_COMPILER_WIDGET_BACKGROUND_COLOR_NAME = WidgetBackground;
				CODE_SIGN_STYLE = Automatic;
				CURRENT_PROJECT_VERSION = 1;
				DEVELOPMENT_TEAM = 6299S224BY;
				GENERATE_INFOPLIST_FILE = YES;
				INFOPLIST_FILE = BadgelyWidget/Info.plist;
				INFOPLIST_KEY_CFBundleDisplayName = BadgelyWidget;
				INFOPLIST_KEY_NSHumanReadableCopyright = "";
				IPHONEOS_DEPLOYMENT_TARGET = 26.0;
				LD_RUNPATH_SEARCH_PATHS = (
					"$(inherited)",
					"@executable_path/Frameworks",
					"@executable_path/../../Frameworks",
				);
				MARKETING_VERSION = 1.0;
				PRODUCT_BUNDLE_IDENTIFIER = com.caroworks.Badgely.BadgelyWidget;
				PRODUCT_NAME = "$(TARGET_NAME)";
				SKIP_INSTALL = YES;
				STRING_CATALOG_GENERATE_SYMBOLS = YES;
				SWIFT_APPROACHABLE_CONCURRENCY = YES;
				SWIFT_EMIT_LOC_STRINGS = YES;
				SWIFT_UPCOMING_FEATURE_MEMBER_IMPORT_VISIBILITY = YES;
				SWIFT_VERSION = 5.0;
				TARGETED_DEVICE_FAMILY = "1,2";
			};
			name = Release;
		};
		25D042972E93F5C700E4E29F /* Debug */ = {
			isa = XCBuildConfiguration;
			buildSettings = {
				ALWAYS_SEARCH_USER_PATHS = NO;
				ASSETCATALOG_COMPILER_GENERATE_SWIFT_ASSET_SYMBOL_EXTENSIONS = YES;
				CLANG_ANALYZER_NONNULL = YES;
				CLANG_ANALYZER_NUMBER_OBJECT_CONVERSION = YES_AGGRESSIVE;
				CLANG_CXX_LANGUAGE_STANDARD = "gnu++20";
				CLANG_ENABLE_MODULES = YES;
				CLANG_ENABLE_OBJC_ARC = YES;
				CLANG_ENABLE_OBJC_WEAK = YES;
				CLANG_WARN_BLOCK_CAPTURE_AUTORELEASING = YES;
				CLANG_WARN_BOOL_CONVERSION = YES;
				CLANG_WARN_COMMA = YES;
				CLANG_WARN_CONSTANT_CONVERSION = YES;
				CLANG_WARN_DEPRECATED_OBJC_IMPLEMENTATIONS = YES;
				CLANG_WARN_DIRECT_OBJC_ISA_USAGE = YES_ERROR;
				CLANG_WARN_DOCUMENTATION_COMMENTS = YES;
				CLANG_WARN_EMPTY_BODY = YES;
				CLANG_WARN_ENUM_CONVERSION = YES;
				CLANG_WARN_INFINITE_RECURSION = YES;
				CLANG_WARN_INT_CONVERSION = YES;
				CLANG_WARN_NON_LITERAL_NULL_CONVERSION = YES;
				CLANG_WARN_OBJC_IMPLICIT_RETAIN_SELF = YES;
				CLANG_WARN_OBJC_LITERAL_CONVERSION = YES;
				CLANG_WARN_OBJC_ROOT_CLASS = YES_ERROR;
				CLANG_WARN_QUOTED_INCLUDE_IN_FRAMEWORK_HEADER = YES;
				CLANG_WARN_RANGE_LOOP_ANALYSIS = YES;
				CLANG_WARN_STRICT_PROTOTYPES = YES;
				CLANG_WARN_SUSPICIOUS_MOVE = YES;
				CLANG_WARN_UNGUARDED_AVAILABILITY = YES_AGGRESSIVE;
				CLANG_WARN_UNREACHABLE_CODE = YES;
				CLANG_WARN__DUPLICATE_METHOD_MATCH = YES;
				COPY_PHASE_STRIP = NO;
				DEBUG_INFORMATION_FORMAT = dwarf;
				DEVELOPMENT_TEAM = F895W2R8B7;
				ENABLE_STRICT_OBJC_MSGSEND = YES;
				ENABLE_TESTABILITY = YES;
				ENABLE_USER_SCRIPT_SANDBOXING = YES;
				GCC_C_LANGUAGE_STANDARD = gnu17;
				GCC_DYNAMIC_NO_PIC = NO;
				GCC_NO_COMMON_BLOCKS = YES;
				GCC_OPTIMIZATION_LEVEL = 0;
				GCC_PREPROCESSOR_DEFINITIONS = (
					"DEBUG=1",
					"$(inherited)",
				);
				GCC_WARN_64_TO_32_BIT_CONVERSION = YES;
				GCC_WARN_ABOUT_RETURN_TYPE = YES_ERROR;
				GCC_WARN_UNDECLARED_SELECTOR = YES;
				GCC_WARN_UNINITIALIZED_AUTOS = YES_AGGRESSIVE;
				GCC_WARN_UNUSED_FUNCTION = YES;
				GCC_WARN_UNUSED_VARIABLE = YES;
				IPHONEOS_DEPLOYMENT_TARGET = 18.0;
				LOCALIZATION_PREFERS_STRING_CATALOGS = YES;
				MTL_ENABLE_DEBUG_INFO = INCLUDE_SOURCE;
				MTL_FAST_MATH = YES;
				ONLY_ACTIVE_ARCH = YES;
				SDKROOT = iphoneos;
				STRING_CATALOG_GENERATE_SYMBOLS = YES;
				SWIFT_ACTIVE_COMPILATION_CONDITIONS = "DEBUG $(inherited)";
				SWIFT_OPTIMIZATION_LEVEL = "-Onone";
			};
			name = Debug;
		};
		25D042982E93F5C700E4E29F /* Release */ = {
			isa = XCBuildConfiguration;
			buildSettings = {
				ALWAYS_SEARCH_USER_PATHS = NO;
				ASSETCATALOG_COMPILER_GENERATE_SWIFT_ASSET_SYMBOL_EXTENSIONS = YES;
				CLANG_ANALYZER_NONNULL = YES;
				CLANG_ANALYZER_NUMBER_OBJECT_CONVERSION = YES_AGGRESSIVE;
				CLANG_CXX_LANGUAGE_STANDARD = "gnu++20";
				CLANG_ENABLE_MODULES = YES;
				CLANG_ENABLE_OBJC_ARC = YES;
				CLANG_ENABLE_OBJC_WEAK = YES;
				CLANG_WARN_BLOCK_CAPTURE_AUTORELEASING = YES;
				CLANG_WARN_BOOL_CONVERSION = YES;
				CLANG_WARN_COMMA = YES;
				CLANG_WARN_CONSTANT_CONVERSION = YES;
				CLANG_WARN_DEPRECATED_OBJC_IMPLEMENTATIONS = YES;
				CLANG_WARN_DIRECT_OBJC_ISA_USAGE = YES_ERROR;
				CLANG_WARN_DOCUMENTATION_COMMENTS = YES;
				CLANG_WARN_EMPTY_BODY = YES;
				CLANG_WARN_ENUM_CONVERSION = YES;
				CLANG_WARN_INFINITE_RECURSION = YES;
				CLANG_WARN_INT_CONVERSION = YES;
				CLANG_WARN_NON_LITERAL_NULL_CONVERSION = YES;
				CLANG_WARN_OBJC_IMPLICIT_RETAIN_SELF = YES;
				CLANG_WARN_OBJC_LITERAL_CONVERSION = YES;
				CLANG_WARN_OBJC_ROOT_CLASS = YES_ERROR;
				CLANG_WARN_QUOTED_INCLUDE_IN_FRAMEWORK_HEADER = YES;
				CLANG_WARN_RANGE_LOOP_ANALYSIS = YES;
				CLANG_WARN_STRICT_PROTOTYPES = YES;
				CLANG_WARN_SUSPICIOUS_MOVE = YES;
				CLANG_WARN_UNGUARDED_AVAILABILITY = YES_AGGRESSIVE;
				CLANG_WARN_UNREACHABLE_CODE = YES;
				CLANG_WARN__DUPLICATE_METHOD_MATCH = YES;
				COPY_PHASE_STRIP = NO;
				DEBUG_INFORMATION_FORMAT = "dwarf-with-dsym";
				DEVELOPMENT_TEAM = F895W2R8B7;
				ENABLE_NS_ASSERTIONS = NO;
				ENABLE_STRICT_OBJC_MSGSEND = YES;
				ENABLE_USER_SCRIPT_SANDBOXING = YES;
				GCC_C_LANGUAGE_STANDARD = gnu17;
				GCC_NO_COMMON_BLOCKS = YES;
				GCC_WARN_64_TO_32_BIT_CONVERSION = YES;
				GCC_WARN_ABOUT_RETURN_TYPE = YES_ERROR;
				GCC_WARN_UNDECLARED_SELECTOR = YES;
				GCC_WARN_UNINITIALIZED_AUTOS = YES_AGGRESSIVE;
				GCC_WARN_UNUSED_FUNCTION = YES;
				GCC_WARN_UNUSED_VARIABLE = YES;
				IPHONEOS_DEPLOYMENT_TARGET = 18.0;
				LOCALIZATION_PREFERS_STRING_CATALOGS = YES;
				MTL_ENABLE_DEBUG_INFO = NO;
				MTL_FAST_MATH = YES;
				SDKROOT = iphoneos;
				STRING_CATALOG_GENERATE_SYMBOLS = YES;
				SWIFT_COMPILATION_MODE = wholemodule;
				VALIDATE_PRODUCT = YES;
			};
			name = Release;
		};
		25D0429A2E93F5C700E4E29F /* Debug */ = {
			isa = XCBuildConfiguration;
			buildSettings = {
				ASSETCATALOG_COMPILER_APPICON_NAME = AppIcon;
				ASSETCATALOG_COMPILER_GLOBAL_ACCENT_COLOR_NAME = AccentColor;
				CODE_SIGN_STYLE = Automatic;
				CURRENT_PROJECT_VERSION = 1;
				DEVELOPMENT_ASSET_PATHS = "\"Badgely/Preview Content\"";
				DEVELOPMENT_TEAM = 6299S224BY;
				ENABLE_PREVIEWS = YES;
				GENERATE_INFOPLIST_FILE = YES;
				INFOPLIST_FILE = Badgely/Info.plist;
				INFOPLIST_KEY_NSCameraUsageDescription = "Permite que Badgely acceda a tu cámara para tomar fotos desde la app.";
				INFOPLIST_KEY_NSLocationAlwaysAndWhenInUseUsageDescription = "Permite que Badgely use tu ubicación para brindarte servicios basados en tu ubicación.";
				INFOPLIST_KEY_NSLocationAlwaysUsageDescription = "Permite que Badgely use tu ubicación incluso cuando la app esté en segundo plano para ofrecerte experiencias personalizadas.";
				INFOPLIST_KEY_NSLocationWhenInUseUsageDescription = "Permite que Badgely use tu ubicación mientras usas la app para mostrarte información relevante cerca de ti.";
				INFOPLIST_KEY_NSPhotoLibraryAddUsageDescription = "Permite que Badgely acceda a tu galería de fotos para guardar fotos.";
				INFOPLIST_KEY_UIApplicationSceneManifest_Generation = YES;
				INFOPLIST_KEY_UIApplicationSupportsIndirectInputEvents = YES;
				INFOPLIST_KEY_UILaunchScreen_Generation = YES;
				INFOPLIST_KEY_UISupportedInterfaceOrientations_iPad = "UIInterfaceOrientationPortrait UIInterfaceOrientationPortraitUpsideDown UIInterfaceOrientationLandscapeLeft UIInterfaceOrientationLandscapeRight";
				INFOPLIST_KEY_UISupportedInterfaceOrientations_iPhone = "UIInterfaceOrientationPortrait UIInterfaceOrientationLandscapeLeft UIInterfaceOrientationLandscapeRight";
				IPHONEOS_DEPLOYMENT_TARGET = 26.0;
				LD_RUNPATH_SEARCH_PATHS = (
					"$(inherited)",
					"@executable_path/Frameworks",
				);
				MARKETING_VERSION = 1.0;
				PRODUCT_BUNDLE_IDENTIFIER = com.caroworks.Badgely;
				PRODUCT_NAME = "$(TARGET_NAME)";
				SWIFT_EMIT_LOC_STRINGS = YES;
				SWIFT_VERSION = 5.0;
				TARGETED_DEVICE_FAMILY = "1,2";
			};
			name = Debug;
		};
		25D0429B2E93F5C700E4E29F /* Release */ = {
			isa = XCBuildConfiguration;
			buildSettings = {
				ASSETCATALOG_COMPILER_APPICON_NAME = AppIcon;
				ASSETCATALOG_COMPILER_GLOBAL_ACCENT_COLOR_NAME = AccentColor;
				CODE_SIGN_STYLE = Automatic;
				CURRENT_PROJECT_VERSION = 1;
				DEVELOPMENT_ASSET_PATHS = "\"Badgely/Preview Content\"";
				DEVELOPMENT_TEAM = 6299S224BY;
				ENABLE_PREVIEWS = YES;
				GENERATE_INFOPLIST_FILE = YES;
				INFOPLIST_FILE = Badgely/Info.plist;
				INFOPLIST_KEY_NSCameraUsageDescription = "Permite que Badgely acceda a tu cámara para tomar fotos desde la app.";
				INFOPLIST_KEY_NSLocationAlwaysAndWhenInUseUsageDescription = "Permite que Badgely use tu ubicación para brindarte servicios basados en tu ubicación.";
				INFOPLIST_KEY_NSLocationAlwaysUsageDescription = "Permite que Badgely use tu ubicación incluso cuando la app esté en segundo plano para ofrecerte experiencias personalizadas.";
				INFOPLIST_KEY_NSLocationWhenInUseUsageDescription = "Permite que Badgely use tu ubicación mientras usas la app para mostrarte información relevante cerca de ti.";
				INFOPLIST_KEY_NSPhotoLibraryAddUsageDescription = "Permite que Badgely acceda a tu galería de fotos para guardar fotos.";
				INFOPLIST_KEY_UIApplicationSceneManifest_Generation = YES;
				INFOPLIST_KEY_UIApplicationSupportsIndirectInputEvents = YES;
				INFOPLIST_KEY_UILaunchScreen_Generation = YES;
				INFOPLIST_KEY_UISupportedInterfaceOrientations_iPad = "UIInterfaceOrientationPortrait UIInterfaceOrientationPortraitUpsideDown UIInterfaceOrientationLandscapeLeft UIInterfaceOrientationLandscapeRight";
				INFOPLIST_KEY_UISupportedInterfaceOrientations_iPhone = "UIInterfaceOrientationPortrait UIInterfaceOrientationLandscapeLeft UIInterfaceOrientationLandscapeRight";
				IPHONEOS_DEPLOYMENT_TARGET = 26.0;
				LD_RUNPATH_SEARCH_PATHS = (
					"$(inherited)",
					"@executable_path/Frameworks",
				);
				MARKETING_VERSION = 1.0;
				PRODUCT_BUNDLE_IDENTIFIER = com.caroworks.Badgely;
				PRODUCT_NAME = "$(TARGET_NAME)";
				SWIFT_EMIT_LOC_STRINGS = YES;
				SWIFT_VERSION = 5.0;
				TARGETED_DEVICE_FAMILY = "1,2";
			};
			name = Release;
		};
/* End XCBuildConfiguration section */

/* Begin XCConfigurationList section */
		25887F482EA68D03001259EB /* Build configuration list for PBXNativeTarget "BadgelyWidgetExtension" */ = {
			isa = XCConfigurationList;
			buildConfigurations = (
				25887F492EA68D03001259EB /* Debug */,
				25887F4A2EA68D03001259EB /* Release */,
			);
			defaultConfigurationIsVisible = 0;
			defaultConfigurationName = Release;
		};
		25D042862E93F5C600E4E29F /* Build configuration list for PBXProject "Badgely" */ = {
			isa = XCConfigurationList;
			buildConfigurations = (
				25D042972E93F5C700E4E29F /* Debug */,
				25D042982E93F5C700E4E29F /* Release */,
			);
			defaultConfigurationIsVisible = 0;
			defaultConfigurationName = Release;
		};
		25D042992E93F5C700E4E29F /* Build configuration list for PBXNativeTarget "Badgely" */ = {
			isa = XCConfigurationList;
			buildConfigurations = (
				25D0429A2E93F5C700E4E29F /* Debug */,
				25D0429B2E93F5C700E4E29F /* Release */,
			);
			defaultConfigurationIsVisible = 0;
			defaultConfigurationName = Release;
		};
/* End XCConfigurationList section */
	};
	rootObject = 25D042832E93F5C600E4E29F /* Project object */;
}
